
Microsoft Visual Studio Solution File, Format Version 12.00
# Visual Studio 2012
Project("{FAE04EC0-301F-11D3-BF4B-00C04F79EFBC}") = "bhcc", "bhcc.csproj", "{FD87F21E-02F9-4565-B785-AE9EBBC43136}"
EndProject
Global
	GlobalSection(SolutionConfigurationPlatforms) = preSolution
		Debug|Any CPU = Debug|Any CPU
		Release|Any CPU = Release|Any CPU
	EndGlobalSection
	GlobalSection(ProjectConfigurationPlatforms) = postSolution
		{FD87F21E-02F9-4565-B785-AE9EBBC43136}.Debug|Any CPU.ActiveCfg = Debug|Any CPU
		{FD87F21E-02F9-4565-B785-AE9EBBC43136}.Debug|Any CPU.Build.0 = Debug|Any CPU
		{FD87F21E-02F9-4565-B785-AE9EBBC43136}.Release|Any CPU.ActiveCfg = Release|Any CPU
		{FD87F21E-02F9-4565-B785-AE9EBBC43136}.Release|Any CPU.Build.0 = Release|Any CPU
	EndGlobalSection
	GlobalSection(SolutionProperties) = preSolution
		HideSolutionNode = FALSE
	EndGlobalSection
EndGlobal
